// !$*UTF8*$!
{
	archiveVersion = 1;
	classes = {
	};
	objectVersion = 46;
	objects = {

/* Begin PBXBuildFile section */
		EF11F6821EDC6656001C9C41 /* AppDelegate.swift in Sources */ = {isa = PBXBuildFile; fileRef = EF11F6811EDC6656001C9C41 /* AppDelegate.swift */; };
		EF11F6841EDC6656001C9C41 /* TasksController.swift in Sources */ = {isa = PBXBuildFile; fileRef = EF11F6831EDC6656001C9C41 /* TasksController.swift */; };
		EF11F6871EDC6656001C9C41 /* Main.storyboard in Resources */ = {isa = PBXBuildFile; fileRef = EF11F6851EDC6656001C9C41 /* Main.storyboard */; };
		EF11F68A1EDC6656001C9C41 /* DoIT.xcdatamodeld in Sources */ = {isa = PBXBuildFile; fileRef = EF11F6881EDC6656001C9C41 /* DoIT.xcdatamodeld */; };
		EF11F68C1EDC6656001C9C41 /* Assets.xcassets in Resources */ = {isa = PBXBuildFile; fileRef = EF11F68B1EDC6656001C9C41 /* Assets.xcassets */; };
		EF11F68F1EDC6656001C9C41 /* LaunchScreen.storyboard in Resources */ = {isa = PBXBuildFile; fileRef = EF11F68D1EDC6656001C9C41 /* LaunchScreen.storyboard */; };
		EF11F6991EDC7557001C9C41 /* CreateTaskViewController.swift in Sources */ = {isa = PBXBuildFile; fileRef = EF11F6981EDC7557001C9C41 /* CreateTaskViewController.swift */; };
		EFB73F381EDC9A150090CF52 /* CompleteTaskViewController.swift in Sources */ = {isa = PBXBuildFile; fileRef = EFB73F371EDC9A150090CF52 /* CompleteTaskViewController.swift */; };
/* End PBXBuildFile section */

/* Begin PBXFileReference section */
		EF11F67E1EDC6656001C9C41 /* DoIT.app */ = {isa = PBXFileReference; explicitFileType = wrapper.application; includeInIndex = 0; path = DoIT.app; sourceTree = BUILT_PRODUCTS_DIR; };
		EF11F6811EDC6656001C9C41 /* AppDelegate.swift */ = {isa = PBXFileReference; lastKnownFileType = sourcecode.swift; path = AppDelegate.swift; sourceTree = "<group>"; };
		EF11F6831EDC6656001C9C41 /* TasksController.swift */ = {isa = PBXFileReference; lastKnownFileType = sourcecode.swift; path = TasksController.swift; sourceTree = "<group>"; };
		EF11F6861EDC6656001C9C41 /* Base */ = {isa = PBXFileReference; lastKnownFileType = file.storyboard; name = Base; path = Base.lproj/Main.storyboard; sourceTree = "<group>"; };
		EF11F6891EDC6656001C9C41 /* DoIT.xcdatamodel */ = {isa = PBXFileReference; lastKnownFileType = wrapper.xcdatamodel; path = DoIT.xcdatamodel; sourceTree = "<group>"; };
		EF11F68B1EDC6656001C9C41 /* Assets.xcassets */ = {isa = PBXFileReference; lastKnownFileType = folder.assetcatalog; path = Assets.xcassets; sourceTree = "<group>"; };
		EF11F68E1EDC6656001C9C41 /* Base */ = {isa = PBXFileReference; lastKnownFileType = file.storyboard; name = Base; path = Base.lproj/LaunchScreen.storyboard; sourceTree = "<group>"; };
		EF11F6901EDC6656001C9C41 /* Info.plist */ = {isa = PBXFileReference; lastKnownFileType = text.plist.xml; path = Info.plist; sourceTree = "<group>"; };
		EF11F6981EDC7557001C9C41 /* CreateTaskViewController.swift */ = {isa = PBXFileReference; fileEncoding = 4; lastKnownFileType = sourcecode.swift; path = CreateTaskViewController.swift; sourceTree = "<group>"; };
		EFB73F371EDC9A150090CF52 /* CompleteTaskViewController.swift */ = {isa = PBXFileReference; fileEncoding = 4; lastKnownFileType = sourcecode.swift; path = CompleteTaskViewController.swift; sourceTree = "<group>"; };
/* End PBXFileReference section */

/* Begin PBXFrameworksBuildPhase section */
		EF11F67B1EDC6656001C9C41 /* Frameworks */ = {
			isa = PBXFrameworksBuildPhase;
			buildActionMask = 2147483647;
			files = (
			);
			runOnlyForDeploymentPostprocessing = 0;
		};
/* End PBXFrameworksBuildPhase section */

/* Begin PBXGroup section */
		EF11F6751EDC6656001C9C41 = {
			isa = PBXGroup;
			children = (
				EF11F6801EDC6656001C9C41 /* DoIT */,
				EF11F67F1EDC6656001C9C41 /* Products */,
			);
			sourceTree = "<group>";
		};
		EF11F67F1EDC6656001C9C41 /* Products */ = {
			isa = PBXGroup;
			children = (
				EF11F67E1EDC6656001C9C41 /* DoIT.app */,
			);
			name = Products;
			sourceTree = "<group>";
		};
		EF11F6801EDC6656001C9C41 /* DoIT */ = {
			isa = PBXGroup;
			children = (
				EF11F6811EDC6656001C9C41 /* AppDelegate.swift */,
				EF11F6831EDC6656001C9C41 /* TasksController.swift */,
				EFB73F371EDC9A150090CF52 /* CompleteTaskViewController.swift */,
				EF11F6981EDC7557001C9C41 /* CreateTaskViewController.swift */,
				EF11F6851EDC6656001C9C41 /* Main.storyboard */,
				EF11F68B1EDC6656001C9C41 /* Assets.xcassets */,
				EF11F68D1EDC6656001C9C41 /* LaunchScreen.storyboard */,
				EF11F6901EDC6656001C9C41 /* Info.plist */,
				EF11F6881EDC6656001C9C41 /* DoIT.xcdatamodeld */,
			);
			path = DoIT;
			sourceTree = "<group>";
		};
/* End PBXGroup section */

/* Begin PBXNativeTarget section */
		EF11F67D1EDC6656001C9C41 /* DoIT */ = {
			isa = PBXNativeTarget;
			buildConfigurationList = EF11F6931EDC6656001C9C41 /* Build configuration list for PBXNativeTarget "DoIT" */;
			buildPhases = (
				EF11F67A1EDC6656001C9C41 /* Sources */,
				EF11F67B1EDC6656001C9C41 /* Frameworks */,
				EF11F67C1EDC6656001C9C41 /* Resources */,
			);
			buildRules = (
			);
			dependencies = (
			);
			name = DoIT;
			productName = DoIT;
			productReference = EF11F67E1EDC6656001C9C41 /* DoIT.app */;
			productType = "com.apple.product-type.application";
		};
/* End PBXNativeTarget section */

/* Begin PBXProject section */
		EF11F6761EDC6656001C9C41 /* Project object */ = {
			isa = PBXProject;
			attributes = {
				LastSwiftUpdateCheck = 0830;
				LastUpgradeCheck = 0830;
				ORGANIZATIONNAME = JordansEmoji;
				TargetAttributes = {
					EF11F67D1EDC6656001C9C41 = {
						CreatedOnToolsVersion = 8.3.2;
						ProvisioningStyle = Automatic;
					};
				};
			};
			buildConfigurationList = EF11F6791EDC6656001C9C41 /* Build configuration list for PBXProject "DoIT" */;
			compatibilityVersion = "Xcode 3.2";
			developmentRegion = English;
			hasScannedForEncodings = 0;
			knownRegions = (
				en,
				Base,
			);
			mainGroup = EF11F6751EDC6656001C9C41;
			productRefGroup = EF11F67F1EDC6656001C9C41 /* Products */;
			projectDirPath = "";
			projectRoot = "";
			targets = (
				EF11F67D1EDC6656001C9C41 /* DoIT */,
			);
		};
/* End PBXProject section */

/* Begin PBXResourcesBuildPhase section */
		EF11F67C1EDC6656001C9C41 /* Resources */ = {
			isa = PBXResourcesBuildPhase;
			buildActionMask = 2147483647;
			files = (
				EF11F68F1EDC6656001C9C41 /* LaunchScreen.storyboard in Resources */,
				EF11F68C1EDC6656001C9C41 /* Assets.xcassets in Resources */,
				EF11F6871EDC6656001C9C41 /* Main.storyboard in Resources */,
			);
			runOnlyForDeploymentPostprocessing = 0;
		};
/* End PBXResourcesBuildPhase section */

/* Begin PBXSourcesBuildPhase section */
		EF11F67A1EDC6656001C9C41 /* Sources */ = {
			isa = PBXSourcesBuildPhase;
			buildActionMask = 2147483647;
			files = (
				EF11F6841EDC6656001C9C41 /* TasksController.swift in Sources */,
				EFB73F381EDC9A150090CF52 /* CompleteTaskViewController.swift in Sources */,
				EF11F68A1EDC6656001C9C41 /* DoIT.xcdatamodeld in Sources */,
				EF11F6821EDC6656001C9C41 /* AppDelegate.swift in Sources */,
				EF11F6991EDC7557001C9C41 /* CreateTaskViewController.swift in Sources */,
			);
			runOnlyForDeploymentPostprocessing = 0;
		};
/* End PBXSourcesBuildPhase section */

/* Begin PBXVariantGroup section */
		EF11F6851EDC6656001C9C41 /* Main.storyboard */ = {
			isa = PBXVariantGroup;
			children = (
				EF11F6861EDC6656001C9C41 /* Base */,
			);
			name = Main.storyboard;
			sourceTree = "<group>";
		};
		EF11F68D1EDC6656001C9C41 /* LaunchScreen.storyboard */ = {
			isa = PBXVariantGroup;
			children = (
				EF11F68E1EDC6656001C9C41 /* Base */,
			);
			name = LaunchScreen.storyboard;
			sourceTree = "<group>";
		};
/* End PBXVariantGroup section */

/* Begin XCBuildConfiguration section */
		EF11F6911EDC6656001C9C41 /* Debug */ = {
			isa = XCBuildConfiguration;
			buildSettings = {
				ALWAYS_SEARCH_USER_PATHS = NO;
				CLANG_ANALYZER_NONNULL = YES;
				CLANG_ANALYZER_NUMBER_OBJECT_CONVERSION = YES_AGGRESSIVE;
				CLANG_CXX_LANGUAGE_STANDARD = "gnu++0x";
				CLANG_CXX_LIBRARY = "libc++";
				CLANG_ENABLE_MODULES = YES;
				CLANG_ENABLE_OBJC_ARC = YES;
				CLANG_WARN_BOOL_CONVERSION = YES;
				CLANG_WARN_CONSTANT_CONVERSION = YES;
				CLANG_WARN_DIRECT_OBJC_ISA_USAGE = YES_ERROR;
				CLANG_WARN_DOCUMENTATION_COMMENTS = YES;
				CLANG_WARN_EMPTY_BODY = YES;
				CLANG_WARN_ENUM_CONVERSION = YES;
				CLANG_WARN_INFINITE_RECURSION = YES;
				CLANG_WARN_INT_CONVERSION = YES;
				CLANG_WARN_OBJC_ROOT_CLASS = YES_ERROR;
				CLANG_WARN_SUSPICIOUS_MOVE = YES;
				CLANG_WARN_UNREACHABLE_CODE = YES;
				CLANG_WARN__DUPLICATE_METHOD_MATCH = YES;
				"CODE_SIGN_IDENTITY[sdk=iphoneos*]" = "iPhone Developer";
				COPY_PHASE_STRIP = NO;
				DEBUG_INFORMATION_FORMAT = dwarf;
				ENABLE_STRICT_OBJC_MSGSEND = YES;
				ENABLE_TESTABILITY = YES;
				GCC_C_LANGUAGE_STANDARD = gnu99;
				GCC_DYNAMIC_NO_PIC = NO;
				GCC_NO_COMMON_BLOCKS = YES;
				GCC_OPTIMIZATION_LEVEL = 0;
				GCC_PREPROCESSOR_DEFINITIONS = (
					"DEBUG=1",
					"$(inherited)",
				);
				GCC_WARN_64_TO_32_BIT_CONVERSION = YES;
				GCC_WARN_ABOUT_RETURN_TYPE = YES_ERROR;
				GCC_WARN_UNDECLARED_SELECTOR = YES;
				GCC_WARN_UNINITIALIZED_AUTOS = YES_AGGRESSIVE;
				GCC_WARN_UNUSED_FUNCTION = YES;
				GCC_WARN_UNUSED_VARIABLE = YES;
				IPHONEOS_DEPLOYMENT_TARGET = 10.3;
				MTL_ENABLE_DEBUG_INFO = YES;
				ONLY_ACTIVE_ARCH = YES;
				SDKROOT = iphoneos;
				SWIFT_ACTIVE_COMPILATION_CONDITIONS = DEBUG;
				SWIFT_OPTIMIZATION_LEVEL = "-Onone";
				TARGETED_DEVICE_FAMILY = "1,2";
			};
			name = Debug;
		};
		EF11F6921EDC6656001C9C41 /* Release */ = {
			isa = XCBuildConfiguration;
			buildSettings = {
				ALWAYS_SEARCH_USER_PATHS = NO;
				CLANG_ANALYZER_NONNULL = YES;
				CLANG_ANALYZER_NUMBER_OBJECT_CONVERSION = YES_AGGRESSIVE;
				CLANG_CXX_LANGUAGE_STANDARD = "gnu++0x";
				CLANG_CXX_LIBRARY = "libc++";
				CLANG_ENABLE_MODULES = YES;
				CLANG_ENABLE_OBJC_ARC = YES;
				CLANG_WARN_BOOL_CONVERSION = YES;
				CLANG_WARN_CONSTANT_CONVERSION = YES;
				CLANG_WARN_DIRECT_OBJC_ISA_USAGE = YES_ERROR;
				CLANG_WARN_DOCUMENTATION_COMMENTS = YES;
				CLANG_WARN_EMPTY_BODY = YES;
				CLANG_WARN_ENUM_CONVERSION = YES;
				CLANG_WARN_INFINITE_RECURSION = YES;
				CLANG_WARN_INT_CONVERSION = YES;
				CLANG_WARN_OBJC_ROOT_CLASS = YES_ERROR;
				CLANG_WARN_SUSPICIOUS_MOVE = YES;
				CLANG_WARN_UNREACHABLE_CODE = YES;
				CLANG_WARN__DUPLICATE_METHOD_MATCH = YES;
				"CODE_SIGN_IDENTITY[sdk=iphoneos*]" = "iPhone Developer";
				COPY_PHASE_STRIP = NO;
				DEBUG_INFORMATION_FORMAT = "dwarf-with-dsym";
				ENABLE_NS_ASSERTIONS = NO;
				ENABLE_STRICT_OBJC_MSGSEND = YES;
				GCC_C_LANGUAGE_STANDARD = gnu99;
				GCC_NO_COMMON_BLOCKS = YES;
				GCC_WARN_64_TO_32_BIT_CONVERSION = YES;
				GCC_WARN_ABOUT_RETURN_TYPE = YES_ERROR;
				GCC_WARN_UNDECLARED_SELECTOR = YES;
				GCC_WARN_UNINITIALIZED_AUTOS = YES_AGGRESSIVE;
				GCC_WARN_UNUSED_FUNCTION = YES;
				GCC_WARN_UNUSED_VARIABLE = YES;
				IPHONEOS_DEPLOYMENT_TARGET = 10.3;
				MTL_ENABLE_DEBUG_INFO = NO;
				SDKROOT = iphoneos;
				SWIFT_OPTIMIZATION_LEVEL = "-Owholemodule";
				TARGETED_DEVICE_FAMILY = "1,2";
				VALIDATE_PRODUCT = YES;
			};
			name = Release;
		};
		EF11F6941EDC6656001C9C41 /* Debug */ = {
			isa = XCBuildConfiguration;
			buildSettings = {
				ASSETCATALOG_COMPILER_APPICON_NAME = AppIcon;
				INFOPLIST_FILE = DoIT/Info.plist;
				LD_RUNPATH_SEARCH_PATHS = "$(inherited) @executable_path/Frameworks";
				PRODUCT_BUNDLE_IDENTIFIER = JordansEmoji.DoIT;
				PRODUCT_NAME = "$(TARGET_NAME)";
				SWIFT_VERSION = 3.0;
			};
			name = Debug;
		};
		EF11F6951EDC6656001C9C41 /* Release */ = {
			isa = XCBuildConfiguration;
			buildSettings = {
				ASSETCATALOG_COMPILER_APPICON_NAME = AppIcon;
				INFOPLIST_FILE = DoIT/Info.plist;
				LD_RUNPATH_SEARCH_PATHS = "$(inherited) @executable_path/Frameworks";
				PRODUCT_BUNDLE_IDENTIFIER = JordansEmoji.DoIT;
				PRODUCT_NAME = "$(TARGET_NAME)";
				SWIFT_VERSION = 3.0;
			};
			name = Release;
		};
/* End XCBuildConfiguration section */

/* Begin XCConfigurationList section */
		EF11F6791EDC6656001C9C41 /* Build configuration list for PBXProject "DoIT" */ = {
			isa = XCConfigurationList;
			buildConfigurations = (
				EF11F6911EDC6656001C9C41 /* Debug */,
				EF11F6921EDC6656001C9C41 /* Release */,
			);
			defaultConfigurationIsVisible = 0;
			defaultConfigurationName = Release;
		};
		EF11F6931EDC6656001C9C41 /* Build configuration list for PBXNativeTarget "DoIT" */ = {
			isa = XCConfigurationList;
			buildConfigurations = (
				EF11F6941EDC6656001C9C41 /* Debug */,
				EF11F6951EDC6656001C9C41 /* Release */,
			);
			defaultConfigurationIsVisible = 0;
			defaultConfigurationName = Release;
		};
/* End XCConfigurationList section */

/* Begin XCVersionGroup section */
		EF11F6881EDC6656001C9C41 /* DoIT.xcdatamodeld */ = {
			isa = XCVersionGroup;
			children = (
				EF11F6891EDC6656001C9C41 /* DoIT.xcdatamodel */,
			);
			currentVersion = EF11F6891EDC6656001C9C41 /* DoIT.xcdatamodel */;
			path = DoIT.xcdatamodeld;
			sourceTree = "<group>";
			versionGroupType = wrapper.xcdatamodel;
		};
/* End XCVersionGroup section */
	};
	rootObject = EF11F6761EDC6656001C9C41 /* Project object */;
}
